
Microsoft Visual Studio Solution File, Format Version 12.00
# Visual Studio Version 17
VisualStudioVersion = 17.8.34322.80
MinimumVisualStudioVersion = 10.0.40219.1
Project("{FAE04EC0-301F-11D3-BF4B-00C04F79EFBC}") = "1.Hello World", "1.Hello World.csproj", "{78C27963-FD47-490B-9382-31014ED8ECA7}"
EndProject
Global
	GlobalSection(SolutionConfigurationPlatforms) = preSolution
		Debug|Any CPU = Debug|Any CPU
		Release|Any CPU = Release|Any CPU
	EndGlobalSection
	GlobalSection(ProjectConfigurationPlatforms) = postSolution
		{78C27963-FD47-490B-9382-31014ED8ECA7}.Debug|Any CPU.ActiveCfg = Debug|Any CPU
		{78C27963-FD47-490B-9382-31014ED8ECA7}.Debug|Any CPU.Build.0 = Debug|Any CPU
		{78C27963-FD47-490B-9382-31014ED8ECA7}.Release|Any CPU.ActiveCfg = Release|Any CPU
		{78C27963-FD47-490B-9382-31014ED8ECA7}.Release|Any CPU.Build.0 = Release|Any CPU
	EndGlobalSection
	GlobalSection(SolutionProperties) = preSolution
		HideSolutionNode = FALSE
	EndGlobalSection
	GlobalSection(ExtensibilityGlobals) = postSolution
		SolutionGuid = {BCED0777-563E-47E1-BC31-457321CC41ED}
	EndGlobalSection
EndGlobal
